
Microsoft Visual Studio Solution File, Format Version 12.00
# Visual Studio Version 17
VisualStudioVersion = 17.8.34330.188
MinimumVisualStudioVersion = 10.0.40219.1
Project("{FAE04EC0-301F-11D3-BF4B-00C04F79EFBC}") = "QueryFlow.Web", "QueryFlow.Web\QueryFlow.Web.csproj", "{DC4309A5-323D-46F3-A7CF-824BF55FF7C7}"
EndProject
Project("{FAE04EC0-301F-11D3-BF4B-00C04F79EFBC}") = "QueryFlow.Domain", "QueryFlow.Domain\QueryFlow.Domain.csproj", "{10C35016-DA5B-479D-BE72-8DBACF071699}"
EndProject
Project("{FAE04EC0-301F-11D3-BF4B-00C04F79EFBC}") = "QueryFlow.Application", "QueryFlow.Application\QueryFlow.Application.csproj", "{1B56DA43-5BD1-4DA4-93E2-CD6E740FCB2E}"
EndProject
Global
	GlobalSection(SolutionConfigurationPlatforms) = preSolution
		Debug|Any CPU = Debug|Any CPU
		Release|Any CPU = Release|Any CPU
	EndGlobalSection
	GlobalSection(ProjectConfigurationPlatforms) = postSolution
		{DC4309A5-323D-46F3-A7CF-824BF55FF7C7}.Debug|Any CPU.ActiveCfg = Debug|Any CPU
		{DC4309A5-323D-46F3-A7CF-824BF55FF7C7}.Debug|Any CPU.Build.0 = Debug|Any CPU
		{DC4309A5-323D-46F3-A7CF-824BF55FF7C7}.Release|Any CPU.ActiveCfg = Release|Any CPU
		{DC4309A5-323D-46F3-A7CF-824BF55FF7C7}.Release|Any CPU.Build.0 = Release|Any CPU
		{10C35016-DA5B-479D-BE72-8DBACF071699}.Debug|Any CPU.ActiveCfg = Debug|Any CPU
		{10C35016-DA5B-479D-BE72-8DBACF071699}.Debug|Any CPU.Build.0 = Debug|Any CPU
		{10C35016-DA5B-479D-BE72-8DBACF071699}.Release|Any CPU.ActiveCfg = Release|Any CPU
		{10C35016-DA5B-479D-BE72-8DBACF071699}.Release|Any CPU.Build.0 = Release|Any CPU
		{1B56DA43-5BD1-4DA4-93E2-CD6E740FCB2E}.Debug|Any CPU.ActiveCfg = Debug|Any CPU
		{1B56DA43-5BD1-4DA4-93E2-CD6E740FCB2E}.Debug|Any CPU.Build.0 = Debug|Any CPU
		{1B56DA43-5BD1-4DA4-93E2-CD6E740FCB2E}.Release|Any CPU.ActiveCfg = Release|Any CPU
		{1B56DA43-5BD1-4DA4-93E2-CD6E740FCB2E}.Release|Any CPU.Build.0 = Release|Any CPU
	EndGlobalSection
	GlobalSection(SolutionProperties) = preSolution
		HideSolutionNode = FALSE
	EndGlobalSection
	GlobalSection(ExtensibilityGlobals) = postSolution
		SolutionGuid = {80E137B7-6911-42FF-B0AB-A81AEE9B0AF0}
	EndGlobalSection
EndGlobal
